
Microsoft Visual Studio Solution File, Format Version 11.00
# Visual Studio 2010
# SharpDevelop 4.4
Project("{F184B08F-C81C-45F6-A57F-5ABD9991F28F}") = "vectores", "vectores\vectores.vbproj", "{90037618-EDA7-4102-9451-994A199329EC}"
EndProject
Global
	GlobalSection(SolutionConfigurationPlatforms) = preSolution
		Debug|Any CPU = Debug|Any CPU
		Release|Any CPU = Release|Any CPU
	EndGlobalSection
	GlobalSection(ProjectConfigurationPlatforms) = postSolution
		{90037618-EDA7-4102-9451-994A199329EC}.Debug|Any CPU.Build.0 = Debug|Any CPU
		{90037618-EDA7-4102-9451-994A199329EC}.Debug|Any CPU.ActiveCfg = Debug|Any CPU
		{90037618-EDA7-4102-9451-994A199329EC}.Release|Any CPU.Build.0 = Release|Any CPU
		{90037618-EDA7-4102-9451-994A199329EC}.Release|Any CPU.ActiveCfg = Release|Any CPU
	EndGlobalSection
EndGlobal
